// !$*UTF8*$!
{
	archiveVersion = 1;
	classes = {
	};
	objectVersion = 48;
	objects = {

/* Begin PBXBuildFile section */
		79597EAC206796E900DB2ABC /* AppDelegate.swift in Sources */ = {isa = PBXBuildFile; fileRef = 79597EAB206796E900DB2ABC /* AppDelegate.swift */; };
		79597EAE206796E900DB2ABC /* ViewController.swift in Sources */ = {isa = PBXBuildFile; fileRef = 79597EAD206796E900DB2ABC /* ViewController.swift */; };
		79597EB1206796E900DB2ABC /* Main.storyboard in Resources */ = {isa = PBXBuildFile; fileRef = 79597EAF206796E900DB2ABC /* Main.storyboard */; };
		79597EB3206796E900DB2ABC /* Assets.xcassets in Resources */ = {isa = PBXBuildFile; fileRef = 79597EB2206796E900DB2ABC /* Assets.xcassets */; };
		79597EB6206796E900DB2ABC /* LaunchScreen.storyboard in Resources */ = {isa = PBXBuildFile; fileRef = 79597EB4206796E900DB2ABC /* LaunchScreen.storyboard */; };
		79597EC0206799E300DB2ABC /* DataSource.swift in Sources */ = {isa = PBXBuildFile; fileRef = 79597EBF206799E300DB2ABC /* DataSource.swift */; };
		79597EC2206799F700DB2ABC /* PassDataSingletonViewController.swift in Sources */ = {isa = PBXBuildFile; fileRef = 79597EC1206799F700DB2ABC /* PassDataSingletonViewController.swift */; };
/* End PBXBuildFile section */

/* Begin PBXFileReference section */
		79597EA8206796E900DB2ABC /* TableViewPassDataWithSington.app */ = {isa = PBXFileReference; explicitFileType = wrapper.application; includeInIndex = 0; path = TableViewPassDataWithSington.app; sourceTree = BUILT_PRODUCTS_DIR; };
		79597EAB206796E900DB2ABC /* AppDelegate.swift */ = {isa = PBXFileReference; lastKnownFileType = sourcecode.swift; path = AppDelegate.swift; sourceTree = "<group>"; };
		79597EAD206796E900DB2ABC /* ViewController.swift */ = {isa = PBXFileReference; lastKnownFileType = sourcecode.swift; path = ViewController.swift; sourceTree = "<group>"; };
		79597EB0206796E900DB2ABC /* Base */ = {isa = PBXFileReference; lastKnownFileType = file.storyboard; name = Base; path = Base.lproj/Main.storyboard; sourceTree = "<group>"; };
		79597EB2206796E900DB2ABC /* Assets.xcassets */ = {isa = PBXFileReference; lastKnownFileType = folder.assetcatalog; path = Assets.xcassets; sourceTree = "<group>"; };
		79597EB5206796E900DB2ABC /* Base */ = {isa = PBXFileReference; lastKnownFileType = file.storyboard; name = Base; path = Base.lproj/LaunchScreen.storyboard; sourceTree = "<group>"; };
		79597EB7206796E900DB2ABC /* Info.plist */ = {isa = PBXFileReference; lastKnownFileType = text.plist.xml; path = Info.plist; sourceTree = "<group>"; };
		79597EBF206799E300DB2ABC /* DataSource.swift */ = {isa = PBXFileReference; lastKnownFileType = sourcecode.swift; path = DataSource.swift; sourceTree = "<group>"; };
		79597EC1206799F700DB2ABC /* PassDataSingletonViewController.swift */ = {isa = PBXFileReference; lastKnownFileType = sourcecode.swift; path = PassDataSingletonViewController.swift; sourceTree = "<group>"; };
/* End PBXFileReference section */

/* Begin PBXFrameworksBuildPhase section */
		79597EA5206796E900DB2ABC /* Frameworks */ = {
			isa = PBXFrameworksBuildPhase;
			buildActionMask = 2147483647;
			files = (
			);
			runOnlyForDeploymentPostprocessing = 0;
		};
/* End PBXFrameworksBuildPhase section */

/* Begin PBXGroup section */
		79597E9F206796E900DB2ABC = {
			isa = PBXGroup;
			children = (
				79597EAA206796E900DB2ABC /* TableViewPassDataWithSington */,
				79597EA9206796E900DB2ABC /* Products */,
			);
			sourceTree = "<group>";
		};
		79597EA9206796E900DB2ABC /* Products */ = {
			isa = PBXGroup;
			children = (
				79597EA8206796E900DB2ABC /* TableViewPassDataWithSington.app */,
			);
			name = Products;
			sourceTree = "<group>";
		};
		79597EAA206796E900DB2ABC /* TableViewPassDataWithSington */ = {
			isa = PBXGroup;
			children = (
				79597EBE206799CF00DB2ABC /* PassDataWithSingleton */,
				79597EBD206799C000DB2ABC /* DataSource */,
				79597EAB206796E900DB2ABC /* AppDelegate.swift */,
				79597EAD206796E900DB2ABC /* ViewController.swift */,
				79597EAF206796E900DB2ABC /* Main.storyboard */,
				79597EB2206796E900DB2ABC /* Assets.xcassets */,
				79597EB4206796E900DB2ABC /* LaunchScreen.storyboard */,
				79597EB7206796E900DB2ABC /* Info.plist */,
			);
			path = TableViewPassDataWithSington;
			sourceTree = "<group>";
		};
		79597EBD206799C000DB2ABC /* DataSource */ = {
			isa = PBXGroup;
			children = (
				79597EBF206799E300DB2ABC /* DataSource.swift */,
			);
			path = DataSource;
			sourceTree = "<group>";
		};
		79597EBE206799CF00DB2ABC /* PassDataWithSingleton */ = {
			isa = PBXGroup;
			children = (
				79597EC1206799F700DB2ABC /* PassDataSingletonViewController.swift */,
			);
			path = PassDataWithSingleton;
			sourceTree = "<group>";
		};
/* End PBXGroup section */

/* Begin PBXNativeTarget section */
		79597EA7206796E900DB2ABC /* TableViewPassDataWithSington */ = {
			isa = PBXNativeTarget;
			buildConfigurationList = 79597EBA206796E900DB2ABC /* Build configuration list for PBXNativeTarget "TableViewPassDataWithSington" */;
			buildPhases = (
				79597EA4206796E900DB2ABC /* Sources */,
				79597EA5206796E900DB2ABC /* Frameworks */,
				79597EA6206796E900DB2ABC /* Resources */,
			);
			buildRules = (
			);
			dependencies = (
			);
			name = TableViewPassDataWithSington;
			productName = TableViewPassDataWithSington;
			productReference = 79597EA8206796E900DB2ABC /* TableViewPassDataWithSington.app */;
			productType = "com.apple.product-type.application";
		};
/* End PBXNativeTarget section */

/* Begin PBXProject section */
		79597EA0206796E900DB2ABC /* Project object */ = {
			isa = PBXProject;
			attributes = {
				LastSwiftUpdateCheck = 0920;
				LastUpgradeCheck = 0920;
				ORGANIZATIONNAME = "Vu Ngoc Cong";
				TargetAttributes = {
					79597EA7206796E900DB2ABC = {
						CreatedOnToolsVersion = 9.2;
						ProvisioningStyle = Automatic;
					};
				};
			};
			buildConfigurationList = 79597EA3206796E900DB2ABC /* Build configuration list for PBXProject "TableViewPassDataWithSington" */;
			compatibilityVersion = "Xcode 8.0";
			developmentRegion = en;
			hasScannedForEncodings = 0;
			knownRegions = (
				en,
				Base,
			);
			mainGroup = 79597E9F206796E900DB2ABC;
			productRefGroup = 79597EA9206796E900DB2ABC /* Products */;
			projectDirPath = "";
			projectRoot = "";
			targets = (
				79597EA7206796E900DB2ABC /* TableViewPassDataWithSington */,
			);
		};
/* End PBXProject section */

/* Begin PBXResourcesBuildPhase section */
		79597EA6206796E900DB2ABC /* Resources */ = {
			isa = PBXResourcesBuildPhase;
			buildActionMask = 2147483647;
			files = (
				79597EB6206796E900DB2ABC /* LaunchScreen.storyboard in Resources */,
				79597EB3206796E900DB2ABC /* Assets.xcassets in Resources */,
				79597EB1206796E900DB2ABC /* Main.storyboard in Resources */,
			);
			runOnlyForDeploymentPostprocessing = 0;
		};
/* End PBXResourcesBuildPhase section */

/* Begin PBXSourcesBuildPhase section */
		79597EA4206796E900DB2ABC /* Sources */ = {
			isa = PBXSourcesBuildPhase;
			buildActionMask = 2147483647;
			files = (
				79597EC0206799E300DB2ABC /* DataSource.swift in Sources */,
				79597EAE206796E900DB2ABC /* ViewController.swift in Sources */,
				79597EAC206796E900DB2ABC /* AppDelegate.swift in Sources */,
				79597EC2206799F700DB2ABC /* PassDataSingletonViewController.swift in Sources */,
			);
			runOnlyForDeploymentPostprocessing = 0;
		};
/* End PBXSourcesBuildPhase section */

/* Begin PBXVariantGroup section */
		79597EAF206796E900DB2ABC /* Main.storyboard */ = {
			isa = PBXVariantGroup;
			children = (
				79597EB0206796E900DB2ABC /* Base */,
			);
			name = Main.storyboard;
			sourceTree = "<group>";
		};
		79597EB4206796E900DB2ABC /* LaunchScreen.storyboard */ = {
			isa = PBXVariantGroup;
			children = (
				79597EB5206796E900DB2ABC /* Base */,
			);
			name = LaunchScreen.storyboard;
			sourceTree = "<group>";
		};
/* End PBXVariantGroup section */

/* Begin XCBuildConfiguration section */
		79597EB8206796E900DB2ABC /* Debug */ = {
			isa = XCBuildConfiguration;
			buildSettings = {
				ALWAYS_SEARCH_USER_PATHS = NO;
				CLANG_ANALYZER_NONNULL = YES;
				CLANG_ANALYZER_NUMBER_OBJECT_CONVERSION = YES_AGGRESSIVE;
				CLANG_CXX_LANGUAGE_STANDARD = "gnu++14";
				CLANG_CXX_LIBRARY = "libc++";
				CLANG_ENABLE_MODULES = YES;
				CLANG_ENABLE_OBJC_ARC = YES;
				CLANG_WARN_BLOCK_CAPTURE_AUTORELEASING = YES;
				CLANG_WARN_BOOL_CONVERSION = YES;
				CLANG_WARN_COMMA = YES;
				CLANG_WARN_CONSTANT_CONVERSION = YES;
				CLANG_WARN_DIRECT_OBJC_ISA_USAGE = YES_ERROR;
				CLANG_WARN_DOCUMENTATION_COMMENTS = YES;
				CLANG_WARN_EMPTY_BODY = YES;
				CLANG_WARN_ENUM_CONVERSION = YES;
				CLANG_WARN_INFINITE_RECURSION = YES;
				CLANG_WARN_INT_CONVERSION = YES;
				CLANG_WARN_NON_LITERAL_NULL_CONVERSION = YES;
				CLANG_WARN_OBJC_LITERAL_CONVERSION = YES;
				CLANG_WARN_OBJC_ROOT_CLASS = YES_ERROR;
				CLANG_WARN_RANGE_LOOP_ANALYSIS = YES;
				CLANG_WARN_STRICT_PROTOTYPES = YES;
				CLANG_WARN_SUSPICIOUS_MOVE = YES;
				CLANG_WARN_UNGUARDED_AVAILABILITY = YES_AGGRESSIVE;
				CLANG_WARN_UNREACHABLE_CODE = YES;
				CLANG_WARN__DUPLICATE_METHOD_MATCH = YES;
				CODE_SIGN_IDENTITY = "iPhone Developer";
				COPY_PHASE_STRIP = NO;
				DEBUG_INFORMATION_FORMAT = dwarf;
				ENABLE_STRICT_OBJC_MSGSEND = YES;
				ENABLE_TESTABILITY = YES;
				GCC_C_LANGUAGE_STANDARD = gnu11;
				GCC_DYNAMIC_NO_PIC = NO;
				GCC_NO_COMMON_BLOCKS = YES;
				GCC_OPTIMIZATION_LEVEL = 0;
				GCC_PREPROCESSOR_DEFINITIONS = (
					"DEBUG=1",
					"$(inherited)",
				);
				GCC_WARN_64_TO_32_BIT_CONVERSION = YES;
				GCC_WARN_ABOUT_RETURN_TYPE = YES_ERROR;
				GCC_WARN_UNDECLARED_SELECTOR = YES;
				GCC_WARN_UNINITIALIZED_AUTOS = YES_AGGRESSIVE;
				GCC_WARN_UNUSED_FUNCTION = YES;
				GCC_WARN_UNUSED_VARIABLE = YES;
				IPHONEOS_DEPLOYMENT_TARGET = 11.2;
				MTL_ENABLE_DEBUG_INFO = YES;
				ONLY_ACTIVE_ARCH = YES;
				SDKROOT = iphoneos;
				SWIFT_ACTIVE_COMPILATION_CONDITIONS = DEBUG;
				SWIFT_OPTIMIZATION_LEVEL = "-Onone";
			};
			name = Debug;
		};
		79597EB9206796E900DB2ABC /* Release */ = {
			isa = XCBuildConfiguration;
			buildSettings = {
				ALWAYS_SEARCH_USER_PATHS = NO;
				CLANG_ANALYZER_NONNULL = YES;
				CLANG_ANALYZER_NUMBER_OBJECT_CONVERSION = YES_AGGRESSIVE;
				CLANG_CXX_LANGUAGE_STANDARD = "gnu++14";
				CLANG_CXX_LIBRARY = "libc++";
				CLANG_ENABLE_MODULES = YES;
				CLANG_ENABLE_OBJC_ARC = YES;
				CLANG_WARN_BLOCK_CAPTURE_AUTORELEASING = YES;
				CLANG_WARN_BOOL_CONVERSION = YES;
				CLANG_WARN_COMMA = YES;
				CLANG_WARN_CONSTANT_CONVERSION = YES;
				CLANG_WARN_DIRECT_OBJC_ISA_USAGE = YES_ERROR;
				CLANG_WARN_DOCUMENTATION_COMMENTS = YES;
				CLANG_WARN_EMPTY_BODY = YES;
				CLANG_WARN_ENUM_CONVERSION = YES;
				CLANG_WARN_INFINITE_RECURSION = YES;
				CLANG_WARN_INT_CONVERSION = YES;
				CLANG_WARN_NON_LITERAL_NULL_CONVERSION = YES;
				CLANG_WARN_OBJC_LITERAL_CONVERSION = YES;
				CLANG_WARN_OBJC_ROOT_CLASS = YES_ERROR;
				CLANG_WARN_RANGE_LOOP_ANALYSIS = YES;
				CLANG_WARN_STRICT_PROTOTYPES = YES;
				CLANG_WARN_SUSPICIOUS_MOVE = YES;
				CLANG_WARN_UNGUARDED_AVAILABILITY = YES_AGGRESSIVE;
				CLANG_WARN_UNREACHABLE_CODE = YES;
				CLANG_WARN__DUPLICATE_METHOD_MATCH = YES;
				CODE_SIGN_IDENTITY = "iPhone Developer";
				COPY_PHASE_STRIP = NO;
				DEBUG_INFORMATION_FORMAT = "dwarf-with-dsym";
				ENABLE_NS_ASSERTIONS = NO;
				ENABLE_STRICT_OBJC_MSGSEND = YES;
				GCC_C_LANGUAGE_STANDARD = gnu11;
				GCC_NO_COMMON_BLOCKS = YES;
				GCC_WARN_64_TO_32_BIT_CONVERSION = YES;
				GCC_WARN_ABOUT_RETURN_TYPE = YES_ERROR;
				GCC_WARN_UNDECLARED_SELECTOR = YES;
				GCC_WARN_UNINITIALIZED_AUTOS = YES_AGGRESSIVE;
				GCC_WARN_UNUSED_FUNCTION = YES;
				GCC_WARN_UNUSED_VARIABLE = YES;
				IPHONEOS_DEPLOYMENT_TARGET = 11.2;
				MTL_ENABLE_DEBUG_INFO = NO;
				SDKROOT = iphoneos;
				SWIFT_OPTIMIZATION_LEVEL = "-Owholemodule";
				VALIDATE_PRODUCT = YES;
			};
			name = Release;
		};
		79597EBB206796E900DB2ABC /* Debug */ = {
			isa = XCBuildConfiguration;
			buildSettings = {
				ASSETCATALOG_COMPILER_APPICON_NAME = AppIcon;
				CODE_SIGN_STYLE = Automatic;
				INFOPLIST_FILE = TableViewPassDataWithSington/Info.plist;
				LD_RUNPATH_SEARCH_PATHS = "$(inherited) @executable_path/Frameworks";
				PRODUCT_BUNDLE_IDENTIFIER = com.cong.TableViewPassDataWithSington;
				PRODUCT_NAME = "$(TARGET_NAME)";
				SWIFT_VERSION = 4.0;
				TARGETED_DEVICE_FAMILY = "1,2";
			};
			name = Debug;
		};
		79597EBC206796E900DB2ABC /* Release */ = {
			isa = XCBuildConfiguration;
			buildSettings = {
				ASSETCATALOG_COMPILER_APPICON_NAME = AppIcon;
				CODE_SIGN_STYLE = Automatic;
				INFOPLIST_FILE = TableViewPassDataWithSington/Info.plist;
				LD_RUNPATH_SEARCH_PATHS = "$(inherited) @executable_path/Frameworks";
				PRODUCT_BUNDLE_IDENTIFIER = com.cong.TableViewPassDataWithSington;
				PRODUCT_NAME = "$(TARGET_NAME)";
				SWIFT_VERSION = 4.0;
				TARGETED_DEVICE_FAMILY = "1,2";
			};
			name = Release;
		};
/* End XCBuildConfiguration section */

/* Begin XCConfigurationList section */
		79597EA3206796E900DB2ABC /* Build configuration list for PBXProject "TableViewPassDataWithSington" */ = {
			isa = XCConfigurationList;
			buildConfigurations = (
				79597EB8206796E900DB2ABC /* Debug */,
				79597EB9206796E900DB2ABC /* Release */,
			);
			defaultConfigurationIsVisible = 0;
			defaultConfigurationName = Release;
		};
		79597EBA206796E900DB2ABC /* Build configuration list for PBXNativeTarget "TableViewPassDataWithSington" */ = {
			isa = XCConfigurationList;
			buildConfigurations = (
				79597EBB206796E900DB2ABC /* Debug */,
				79597EBC206796E900DB2ABC /* Release */,
			);
			defaultConfigurationIsVisible = 0;
			defaultConfigurationName = Release;
		};
/* End XCConfigurationList section */
	};
	rootObject = 79597EA0206796E900DB2ABC /* Project object */;
}
